// !$*UTF8*$!
{
	archiveVersion = 1;
	classes = {
	};
	objectVersion = 46;
	objects = {

/* Begin PBXBuildFile section */
		451807E61AB5FF4A004C54EB /* MapViewController.m in Sources */ = {isa = PBXBuildFile; fileRef = 451807E51AB5FF4A004C54EB /* MapViewController.m */; };
		451807E81AB60143004C54EB /* MapKit.framework in Frameworks */ = {isa = PBXBuildFile; fileRef = 451807E71AB60143004C54EB /* MapKit.framework */; };
		456936ED1AB5CA4100BD0923 /* main.m in Sources */ = {isa = PBXBuildFile; fileRef = 456936EC1AB5CA4100BD0923 /* main.m */; };
		456936F01AB5CA4100BD0923 /* AppDelegate.m in Sources */ = {isa = PBXBuildFile; fileRef = 456936EF1AB5CA4100BD0923 /* AppDelegate.m */; };
		456936F31AB5CA4100BD0923 /* Intel_Seal_Team.xcdatamodeld in Sources */ = {isa = PBXBuildFile; fileRef = 456936F11AB5CA4100BD0923 /* Intel_Seal_Team.xcdatamodeld */; };
		456936F91AB5CA4100BD0923 /* Main.storyboard in Resources */ = {isa = PBXBuildFile; fileRef = 456936F71AB5CA4100BD0923 /* Main.storyboard */; };
		456936FB1AB5CA4100BD0923 /* Images.xcassets in Resources */ = {isa = PBXBuildFile; fileRef = 456936FA1AB5CA4100BD0923 /* Images.xcassets */; };
		456936FE1AB5CA4100BD0923 /* LaunchScreen.xib in Resources */ = {isa = PBXBuildFile; fileRef = 456936FC1AB5CA4100BD0923 /* LaunchScreen.xib */; };
		4569370A1AB5CA4100BD0923 /* Intel_Seal_TeamTests.m in Sources */ = {isa = PBXBuildFile; fileRef = 456937091AB5CA4100BD0923 /* Intel_Seal_TeamTests.m */; };
		456937171AB5CEB800BD0923 /* MediaPlayer.framework in Frameworks */ = {isa = PBXBuildFile; fileRef = 456937161AB5CEB800BD0923 /* MediaPlayer.framework */; };
		4569371A1AB5CED500BD0923 /* ViewController.m in Sources */ = {isa = PBXBuildFile; fileRef = 456937191AB5CED500BD0923 /* ViewController.m */; };
/* End PBXBuildFile section */

/* Begin PBXContainerItemProxy section */
		456937041AB5CA4100BD0923 /* PBXContainerItemProxy */ = {
			isa = PBXContainerItemProxy;
			containerPortal = 456936DF1AB5CA4100BD0923 /* Project object */;
			proxyType = 1;
			remoteGlobalIDString = 456936E61AB5CA4100BD0923;
			remoteInfo = Intel_Seal_Team;
		};
/* End PBXContainerItemProxy section */

/* Begin PBXFileReference section */
		451807E41AB5FF4A004C54EB /* MapViewController.h */ = {isa = PBXFileReference; fileEncoding = 4; lastKnownFileType = sourcecode.c.h; path = MapViewController.h; sourceTree = "<group>"; };
		451807E51AB5FF4A004C54EB /* MapViewController.m */ = {isa = PBXFileReference; fileEncoding = 4; lastKnownFileType = sourcecode.c.objc; path = MapViewController.m; sourceTree = "<group>"; };
		451807E71AB60143004C54EB /* MapKit.framework */ = {isa = PBXFileReference; lastKnownFileType = wrapper.framework; name = MapKit.framework; path = System/Library/Frameworks/MapKit.framework; sourceTree = SDKROOT; };
		456936E71AB5CA4100BD0923 /* Intel_Seal_Team.app */ = {isa = PBXFileReference; explicitFileType = wrapper.application; includeInIndex = 0; path = Intel_Seal_Team.app; sourceTree = BUILT_PRODUCTS_DIR; };
		456936EB1AB5CA4100BD0923 /* Info.plist */ = {isa = PBXFileReference; lastKnownFileType = text.plist.xml; path = Info.plist; sourceTree = "<group>"; };
		456936EC1AB5CA4100BD0923 /* main.m */ = {isa = PBXFileReference; lastKnownFileType = sourcecode.c.objc; path = main.m; sourceTree = "<group>"; };
		456936EE1AB5CA4100BD0923 /* AppDelegate.h */ = {isa = PBXFileReference; lastKnownFileType = sourcecode.c.h; path = AppDelegate.h; sourceTree = "<group>"; };
		456936EF1AB5CA4100BD0923 /* AppDelegate.m */ = {isa = PBXFileReference; lastKnownFileType = sourcecode.c.objc; path = AppDelegate.m; sourceTree = "<group>"; };
		456936F21AB5CA4100BD0923 /* Intel_Seal_Team.xcdatamodel */ = {isa = PBXFileReference; lastKnownFileType = wrapper.xcdatamodel; path = Intel_Seal_Team.xcdatamodel; sourceTree = "<group>"; };
		456936F81AB5CA4100BD0923 /* Base */ = {isa = PBXFileReference; lastKnownFileType = file.storyboard; name = Base; path = Base.lproj/Main.storyboard; sourceTree = "<group>"; };
		456936FA1AB5CA4100BD0923 /* Images.xcassets */ = {isa = PBXFileReference; lastKnownFileType = folder.assetcatalog; path = Images.xcassets; sourceTree = "<group>"; };
		456936FD1AB5CA4100BD0923 /* Base */ = {isa = PBXFileReference; lastKnownFileType = file.xib; name = Base; path = Base.lproj/LaunchScreen.xib; sourceTree = "<group>"; };
		456937031AB5CA4100BD0923 /* Intel_Seal_TeamTests.xctest */ = {isa = PBXFileReference; explicitFileType = wrapper.cfbundle; includeInIndex = 0; path = Intel_Seal_TeamTests.xctest; sourceTree = BUILT_PRODUCTS_DIR; };
		456937081AB5CA4100BD0923 /* Info.plist */ = {isa = PBXFileReference; lastKnownFileType = text.plist.xml; path = Info.plist; sourceTree = "<group>"; };
		456937091AB5CA4100BD0923 /* Intel_Seal_TeamTests.m */ = {isa = PBXFileReference; lastKnownFileType = sourcecode.c.objc; path = Intel_Seal_TeamTests.m; sourceTree = "<group>"; };
		456937161AB5CEB800BD0923 /* MediaPlayer.framework */ = {isa = PBXFileReference; lastKnownFileType = wrapper.framework; name = MediaPlayer.framework; path = System/Library/Frameworks/MediaPlayer.framework; sourceTree = SDKROOT; };
		456937181AB5CED500BD0923 /* ViewController.h */ = {isa = PBXFileReference; fileEncoding = 4; lastKnownFileType = sourcecode.c.h; path = ViewController.h; sourceTree = "<group>"; };
		456937191AB5CED500BD0923 /* ViewController.m */ = {isa = PBXFileReference; fileEncoding = 4; lastKnownFileType = sourcecode.c.objc; path = ViewController.m; sourceTree = "<group>"; };
/* End PBXFileReference section */

/* Begin PBXFrameworksBuildPhase section */
		456936E41AB5CA4100BD0923 /* Frameworks */ = {
			isa = PBXFrameworksBuildPhase;
			buildActionMask = 2147483647;
			files = (
				451807E81AB60143004C54EB /* MapKit.framework in Frameworks */,
				456937171AB5CEB800BD0923 /* MediaPlayer.framework in Frameworks */,
			);
			runOnlyForDeploymentPostprocessing = 0;
		};
		456937001AB5CA4100BD0923 /* Frameworks */ = {
			isa = PBXFrameworksBuildPhase;
			buildActionMask = 2147483647;
			files = (
			);
			runOnlyForDeploymentPostprocessing = 0;
		};
/* End PBXFrameworksBuildPhase section */

/* Begin PBXGroup section */
		456936DE1AB5CA4100BD0923 = {
			isa = PBXGroup;
			children = (
				451807E71AB60143004C54EB /* MapKit.framework */,
				456937161AB5CEB800BD0923 /* MediaPlayer.framework */,
				456936E91AB5CA4100BD0923 /* Intel_Seal_Team */,
				456937061AB5CA4100BD0923 /* Intel_Seal_TeamTests */,
				456936E81AB5CA4100BD0923 /* Products */,
			);
			sourceTree = "<group>";
		};
		456936E81AB5CA4100BD0923 /* Products */ = {
			isa = PBXGroup;
			children = (
				456936E71AB5CA4100BD0923 /* Intel_Seal_Team.app */,
				456937031AB5CA4100BD0923 /* Intel_Seal_TeamTests.xctest */,
			);
			name = Products;
			sourceTree = "<group>";
		};
		456936E91AB5CA4100BD0923 /* Intel_Seal_Team */ = {
			isa = PBXGroup;
			children = (
				456936EE1AB5CA4100BD0923 /* AppDelegate.h */,
				456936EF1AB5CA4100BD0923 /* AppDelegate.m */,
				456937181AB5CED500BD0923 /* ViewController.h */,
				456937191AB5CED500BD0923 /* ViewController.m */,
				451807E41AB5FF4A004C54EB /* MapViewController.h */,
				451807E51AB5FF4A004C54EB /* MapViewController.m */,
				456936F71AB5CA4100BD0923 /* Main.storyboard */,
				456936FA1AB5CA4100BD0923 /* Images.xcassets */,
				456936FC1AB5CA4100BD0923 /* LaunchScreen.xib */,
				456936F11AB5CA4100BD0923 /* Intel_Seal_Team.xcdatamodeld */,
				456936EA1AB5CA4100BD0923 /* Supporting Files */,
			);
			path = Intel_Seal_Team;
			sourceTree = "<group>";
		};
		456936EA1AB5CA4100BD0923 /* Supporting Files */ = {
			isa = PBXGroup;
			children = (
				456936EB1AB5CA4100BD0923 /* Info.plist */,
				456936EC1AB5CA4100BD0923 /* main.m */,
			);
			name = "Supporting Files";
			sourceTree = "<group>";
		};
		456937061AB5CA4100BD0923 /* Intel_Seal_TeamTests */ = {
			isa = PBXGroup;
			children = (
				456937091AB5CA4100BD0923 /* Intel_Seal_TeamTests.m */,
				456937071AB5CA4100BD0923 /* Supporting Files */,
			);
			path = Intel_Seal_TeamTests;
			sourceTree = "<group>";
		};
		456937071AB5CA4100BD0923 /* Supporting Files */ = {
			isa = PBXGroup;
			children = (
				456937081AB5CA4100BD0923 /* Info.plist */,
			);
			name = "Supporting Files";
			sourceTree = "<group>";
		};
/* End PBXGroup section */

/* Begin PBXNativeTarget section */
		456936E61AB5CA4100BD0923 /* Intel_Seal_Team */ = {
			isa = PBXNativeTarget;
			buildConfigurationList = 4569370D1AB5CA4100BD0923 /* Build configuration list for PBXNativeTarget "Intel_Seal_Team" */;
			buildPhases = (
				456936E31AB5CA4100BD0923 /* Sources */,
				456936E41AB5CA4100BD0923 /* Frameworks */,
				456936E51AB5CA4100BD0923 /* Resources */,
			);
			buildRules = (
			);
			dependencies = (
			);
			name = Intel_Seal_Team;
			productName = Intel_Seal_Team;
			productReference = 456936E71AB5CA4100BD0923 /* Intel_Seal_Team.app */;
			productType = "com.apple.product-type.application";
		};
		456937021AB5CA4100BD0923 /* Intel_Seal_TeamTests */ = {
			isa = PBXNativeTarget;
			buildConfigurationList = 456937101AB5CA4100BD0923 /* Build configuration list for PBXNativeTarget "Intel_Seal_TeamTests" */;
			buildPhases = (
				456936FF1AB5CA4100BD0923 /* Sources */,
				456937001AB5CA4100BD0923 /* Frameworks */,
				456937011AB5CA4100BD0923 /* Resources */,
			);
			buildRules = (
			);
			dependencies = (
				456937051AB5CA4100BD0923 /* PBXTargetDependency */,
			);
			name = Intel_Seal_TeamTests;
			productName = Intel_Seal_TeamTests;
			productReference = 456937031AB5CA4100BD0923 /* Intel_Seal_TeamTests.xctest */;
			productType = "com.apple.product-type.bundle.unit-test";
		};
/* End PBXNativeTarget section */

/* Begin PBXProject section */
		456936DF1AB5CA4100BD0923 /* Project object */ = {
			isa = PBXProject;
			attributes = {
				LastUpgradeCheck = 0620;
				ORGANIZATIONNAME = LLT;
				TargetAttributes = {
					456936E61AB5CA4100BD0923 = {
						CreatedOnToolsVersion = 6.2;
					};
					456937021AB5CA4100BD0923 = {
						CreatedOnToolsVersion = 6.2;
						TestTargetID = 456936E61AB5CA4100BD0923;
					};
				};
			};
			buildConfigurationList = 456936E21AB5CA4100BD0923 /* Build configuration list for PBXProject "Intel_Seal_Team" */;
			compatibilityVersion = "Xcode 3.2";
			developmentRegion = English;
			hasScannedForEncodings = 0;
			knownRegions = (
				en,
				Base,
			);
			mainGroup = 456936DE1AB5CA4100BD0923;
			productRefGroup = 456936E81AB5CA4100BD0923 /* Products */;
			projectDirPath = "";
			projectRoot = "";
			targets = (
				456936E61AB5CA4100BD0923 /* Intel_Seal_Team */,
				456937021AB5CA4100BD0923 /* Intel_Seal_TeamTests */,
			);
		};
/* End PBXProject section */

/* Begin PBXResourcesBuildPhase section */
		456936E51AB5CA4100BD0923 /* Resources */ = {
			isa = PBXResourcesBuildPhase;
			buildActionMask = 2147483647;
			files = (
				456936F91AB5CA4100BD0923 /* Main.storyboard in Resources */,
				456936FE1AB5CA4100BD0923 /* LaunchScreen.xib in Resources */,
				456936FB1AB5CA4100BD0923 /* Images.xcassets in Resources */,
			);
			runOnlyForDeploymentPostprocessing = 0;
		};
		456937011AB5CA4100BD0923 /* Resources */ = {
			isa = PBXResourcesBuildPhase;
			buildActionMask = 2147483647;
			files = (
			);
			runOnlyForDeploymentPostprocessing = 0;
		};
/* End PBXResourcesBuildPhase section */

/* Begin PBXSourcesBuildPhase section */
		456936E31AB5CA4100BD0923 /* Sources */ = {
			isa = PBXSourcesBuildPhase;
			buildActionMask = 2147483647;
			files = (
				456936F31AB5CA4100BD0923 /* Intel_Seal_Team.xcdatamodeld in Sources */,
				456936F01AB5CA4100BD0923 /* AppDelegate.m in Sources */,
				451807E61AB5FF4A004C54EB /* MapViewController.m in Sources */,
				4569371A1AB5CED500BD0923 /* ViewController.m in Sources */,
				456936ED1AB5CA4100BD0923 /* main.m in Sources */,
			);
			runOnlyForDeploymentPostprocessing = 0;
		};
		456936FF1AB5CA4100BD0923 /* Sources */ = {
			isa = PBXSourcesBuildPhase;
			buildActionMask = 2147483647;
			files = (
				4569370A1AB5CA4100BD0923 /* Intel_Seal_TeamTests.m in Sources */,
			);
			runOnlyForDeploymentPostprocessing = 0;
		};
/* End PBXSourcesBuildPhase section */

/* Begin PBXTargetDependency section */
		456937051AB5CA4100BD0923 /* PBXTargetDependency */ = {
			isa = PBXTargetDependency;
			target = 456936E61AB5CA4100BD0923 /* Intel_Seal_Team */;
			targetProxy = 456937041AB5CA4100BD0923 /* PBXContainerItemProxy */;
		};
/* End PBXTargetDependency section */

/* Begin PBXVariantGroup section */
		456936F71AB5CA4100BD0923 /* Main.storyboard */ = {
			isa = PBXVariantGroup;
			children = (
				456936F81AB5CA4100BD0923 /* Base */,
			);
			name = Main.storyboard;
			sourceTree = "<group>";
		};
		456936FC1AB5CA4100BD0923 /* LaunchScreen.xib */ = {
			isa = PBXVariantGroup;
			children = (
				456936FD1AB5CA4100BD0923 /* Base */,
			);
			name = LaunchScreen.xib;
			sourceTree = "<group>";
		};
/* End PBXVariantGroup section */

/* Begin XCBuildConfiguration section */
		4569370B1AB5CA4100BD0923 /* Debug */ = {
			isa = XCBuildConfiguration;
			buildSettings = {
				ALWAYS_SEARCH_USER_PATHS = NO;
				CLANG_CXX_LANGUAGE_STANDARD = "gnu++0x";
				CLANG_CXX_LIBRARY = "libc++";
				CLANG_ENABLE_MODULES = YES;
				CLANG_ENABLE_OBJC_ARC = YES;
				CLANG_WARN_BOOL_CONVERSION = YES;
				CLANG_WARN_CONSTANT_CONVERSION = YES;
				CLANG_WARN_DIRECT_OBJC_ISA_USAGE = YES_ERROR;
				CLANG_WARN_EMPTY_BODY = YES;
				CLANG_WARN_ENUM_CONVERSION = YES;
				CLANG_WARN_INT_CONVERSION = YES;
				CLANG_WARN_OBJC_ROOT_CLASS = YES_ERROR;
				CLANG_WARN_UNREACHABLE_CODE = YES;
				CLANG_WARN__DUPLICATE_METHOD_MATCH = YES;
				"CODE_SIGN_IDENTITY[sdk=iphoneos*]" = "iPhone Developer";
				COPY_PHASE_STRIP = NO;
				ENABLE_STRICT_OBJC_MSGSEND = YES;
				GCC_C_LANGUAGE_STANDARD = gnu99;
				GCC_DYNAMIC_NO_PIC = NO;
				GCC_OPTIMIZATION_LEVEL = 0;
				GCC_PREPROCESSOR_DEFINITIONS = (
					"DEBUG=1",
					"$(inherited)",
				);
				GCC_SYMBOLS_PRIVATE_EXTERN = NO;
				GCC_WARN_64_TO_32_BIT_CONVERSION = YES;
				GCC_WARN_ABOUT_RETURN_TYPE = YES_ERROR;
				GCC_WARN_UNDECLARED_SELECTOR = YES;
				GCC_WARN_UNINITIALIZED_AUTOS = YES_AGGRESSIVE;
				GCC_WARN_UNUSED_FUNCTION = YES;
				GCC_WARN_UNUSED_VARIABLE = YES;
				IPHONEOS_DEPLOYMENT_TARGET = 8.2;
				MTL_ENABLE_DEBUG_INFO = YES;
				ONLY_ACTIVE_ARCH = YES;
				SDKROOT = iphoneos;
			};
			name = Debug;
		};
		4569370C1AB5CA4100BD0923 /* Release */ = {
			isa = XCBuildConfiguration;
			buildSettings = {
				ALWAYS_SEARCH_USER_PATHS = NO;
				CLANG_CXX_LANGUAGE_STANDARD = "gnu++0x";
				CLANG_CXX_LIBRARY = "libc++";
				CLANG_ENABLE_MODULES = YES;
				CLANG_ENABLE_OBJC_ARC = YES;
				CLANG_WARN_BOOL_CONVERSION = YES;
				CLANG_WARN_CONSTANT_CONVERSION = YES;
				CLANG_WARN_DIRECT_OBJC_ISA_USAGE = YES_ERROR;
				CLANG_WARN_EMPTY_BODY = YES;
				CLANG_WARN_ENUM_CONVERSION = YES;
				CLANG_WARN_INT_CONVERSION = YES;
				CLANG_WARN_OBJC_ROOT_CLASS = YES_ERROR;
				CLANG_WARN_UNREACHABLE_CODE = YES;
				CLANG_WARN__DUPLICATE_METHOD_MATCH = YES;
				"CODE_SIGN_IDENTITY[sdk=iphoneos*]" = "iPhone Developer";
				COPY_PHASE_STRIP = NO;
				ENABLE_NS_ASSERTIONS = NO;
				ENABLE_STRICT_OBJC_MSGSEND = YES;
				GCC_C_LANGUAGE_STANDARD = gnu99;
				GCC_WARN_64_TO_32_BIT_CONVERSION = YES;
				GCC_WARN_ABOUT_RETURN_TYPE = YES_ERROR;
				GCC_WARN_UNDECLARED_SELECTOR = YES;
				GCC_WARN_UNINITIALIZED_AUTOS = YES_AGGRESSIVE;
				GCC_WARN_UNUSED_FUNCTION = YES;
				GCC_WARN_UNUSED_VARIABLE = YES;
				IPHONEOS_DEPLOYMENT_TARGET = 8.2;
				MTL_ENABLE_DEBUG_INFO = NO;
				SDKROOT = iphoneos;
				VALIDATE_PRODUCT = YES;
			};
			name = Release;
		};
		4569370E1AB5CA4100BD0923 /* Debug */ = {
			isa = XCBuildConfiguration;
			buildSettings = {
				ASSETCATALOG_COMPILER_APPICON_NAME = AppIcon;
				INFOPLIST_FILE = Intel_Seal_Team/Info.plist;
				LD_RUNPATH_SEARCH_PATHS = "$(inherited) @executable_path/Frameworks";
				PRODUCT_NAME = "$(TARGET_NAME)";
			};
			name = Debug;
		};
		4569370F1AB5CA4100BD0923 /* Release */ = {
			isa = XCBuildConfiguration;
			buildSettings = {
				ASSETCATALOG_COMPILER_APPICON_NAME = AppIcon;
				INFOPLIST_FILE = Intel_Seal_Team/Info.plist;
				LD_RUNPATH_SEARCH_PATHS = "$(inherited) @executable_path/Frameworks";
				PRODUCT_NAME = "$(TARGET_NAME)";
			};
			name = Release;
		};
		456937111AB5CA4100BD0923 /* Debug */ = {
			isa = XCBuildConfiguration;
			buildSettings = {
				BUNDLE_LOADER = "$(TEST_HOST)";
				FRAMEWORK_SEARCH_PATHS = (
					"$(SDKROOT)/Developer/Library/Frameworks",
					"$(inherited)",
				);
				GCC_PREPROCESSOR_DEFINITIONS = (
					"DEBUG=1",
					"$(inherited)",
				);
				INFOPLIST_FILE = Intel_Seal_TeamTests/Info.plist;
				LD_RUNPATH_SEARCH_PATHS = "$(inherited) @executable_path/Frameworks @loader_path/Frameworks";
				PRODUCT_NAME = "$(TARGET_NAME)";
				TEST_HOST = "$(BUILT_PRODUCTS_DIR)/Intel_Seal_Team.app/Intel_Seal_Team";
			};
			name = Debug;
		};
		456937121AB5CA4100BD0923 /* Release */ = {
			isa = XCBuildConfiguration;
			buildSettings = {
				BUNDLE_LOADER = "$(TEST_HOST)";
				FRAMEWORK_SEARCH_PATHS = (
					"$(SDKROOT)/Developer/Library/Frameworks",
					"$(inherited)",
				);
				INFOPLIST_FILE = Intel_Seal_TeamTests/Info.plist;
				LD_RUNPATH_SEARCH_PATHS = "$(inherited) @executable_path/Frameworks @loader_path/Frameworks";
				PRODUCT_NAME = "$(TARGET_NAME)";
				TEST_HOST = "$(BUILT_PRODUCTS_DIR)/Intel_Seal_Team.app/Intel_Seal_Team";
			};
			name = Release;
		};
/* End XCBuildConfiguration section */

/* Begin XCConfigurationList section */
		456936E21AB5CA4100BD0923 /* Build configuration list for PBXProject "Intel_Seal_Team" */ = {
			isa = XCConfigurationList;
			buildConfigurations = (
				4569370B1AB5CA4100BD0923 /* Debug */,
				4569370C1AB5CA4100BD0923 /* Release */,
			);
			defaultConfigurationIsVisible = 0;
			defaultConfigurationName = Release;
		};
		4569370D1AB5CA4100BD0923 /* Build configuration list for PBXNativeTarget "Intel_Seal_Team" */ = {
			isa = XCConfigurationList;
			buildConfigurations = (
				4569370E1AB5CA4100BD0923 /* Debug */,
				4569370F1AB5CA4100BD0923 /* Release */,
			);
			defaultConfigurationIsVisible = 0;
			defaultConfigurationName = Release;
		};
		456937101AB5CA4100BD0923 /* Build configuration list for PBXNativeTarget "Intel_Seal_TeamTests" */ = {
			isa = XCConfigurationList;
			buildConfigurations = (
				456937111AB5CA4100BD0923 /* Debug */,
				456937121AB5CA4100BD0923 /* Release */,
			);
			defaultConfigurationIsVisible = 0;
			defaultConfigurationName = Release;
		};
/* End XCConfigurationList section */

/* Begin XCVersionGroup section */
		456936F11AB5CA4100BD0923 /* Intel_Seal_Team.xcdatamodeld */ = {
			isa = XCVersionGroup;
			children = (
				456936F21AB5CA4100BD0923 /* Intel_Seal_Team.xcdatamodel */,
			);
			currentVersion = 456936F21AB5CA4100BD0923 /* Intel_Seal_Team.xcdatamodel */;
			path = Intel_Seal_Team.xcdatamodeld;
			sourceTree = "<group>";
			versionGroupType = wrapper.xcdatamodel;
		};
/* End XCVersionGroup section */
	};
	rootObject = 456936DF1AB5CA4100BD0923 /* Project object */;
}
